
Microsoft Visual Studio Solution File, Format Version 12.00
# Visual Studio Version 17
VisualStudioVersion = 17.4.33205.214
MinimumVisualStudioVersion = 10.0.40219.1
Project("{FAE04EC0-301F-11D3-BF4B-00C04F79EFBC}") = "ProjetoFinalMariaE", "ProjetoFinalMariaE.csproj", "{DC9D70C7-8BE0-48BF-8B14-913402F0F47A}"
EndProject
Global
	GlobalSection(SolutionConfigurationPlatforms) = preSolution
		Debug|Any CPU = Debug|Any CPU
		Release|Any CPU = Release|Any CPU
	EndGlobalSection
	GlobalSection(ProjectConfigurationPlatforms) = postSolution
		{DC9D70C7-8BE0-48BF-8B14-913402F0F47A}.Debug|Any CPU.ActiveCfg = Debug|Any CPU
		{DC9D70C7-8BE0-48BF-8B14-913402F0F47A}.Debug|Any CPU.Build.0 = Debug|Any CPU
		{DC9D70C7-8BE0-48BF-8B14-913402F0F47A}.Release|Any CPU.ActiveCfg = Release|Any CPU
		{DC9D70C7-8BE0-48BF-8B14-913402F0F47A}.Release|Any CPU.Build.0 = Release|Any CPU
	EndGlobalSection
	GlobalSection(SolutionProperties) = preSolution
		HideSolutionNode = FALSE
	EndGlobalSection
	GlobalSection(ExtensibilityGlobals) = postSolution
		SolutionGuid = {68BF1560-ABD4-4B6E-9AF7-43D6E7EF544D}
	EndGlobalSection
EndGlobal
